
Microsoft Visual Studio Solution File, Format Version 12.00
# Visual Studio Version 16
VisualStudioVersion = 16.0.35026.282
MinimumVisualStudioVersion = 10.0.40219.1
Project("{8BC9CEB8-8B4A-11D0-8D11-00A0C91BC942}") = "MainWindow", "WinAPI\WinAPI.vcxproj", "{784B2D22-8B0D-4C2B-B31E-76FF3C29FC0D}"
EndProject
Project("{8BC9CEB8-8B4A-11D0-8D11-00A0C91BC942}") = "DialogBox", "DialogBox\DialogBox.vcxproj", "{4E998051-6887-456B-A4FB-DDFAB016966B}"
EndProject
Project("{8BC9CEB8-8B4A-11D0-8D11-00A0C91BC942}") = "ComboBox", "ComboBox\ComboBox.vcxproj", "{2CF39482-6F33-4870-9478-4B28C49AB5C0}"
EndProject
Project("{8BC9CEB8-8B4A-11D0-8D11-00A0C91BC942}") = "ListBox", "ListBox\ListBox.vcxproj", "{6078B5B6-6665-481A-869A-1116906A15C4}"
EndProject
Project("{8BC9CEB8-8B4A-11D0-8D11-00A0C91BC942}") = "Calc", "Calc\Calc.vcxproj", "{710C4508-96D7-428B-BA82-2B31615B0D60}"
EndProject
Global
	GlobalSection(SolutionConfigurationPlatforms) = preSolution
		Debug|x64 = Debug|x64
		Debug|x86 = Debug|x86
		Release|x64 = Release|x64
		Release|x86 = Release|x86
	EndGlobalSection
	GlobalSection(ProjectConfigurationPlatforms) = postSolution
		{784B2D22-8B0D-4C2B-B31E-76FF3C29FC0D}.Debug|x64.ActiveCfg = Debug|x64
		{784B2D22-8B0D-4C2B-B31E-76FF3C29FC0D}.Debug|x64.Build.0 = Debug|x64
		{784B2D22-8B0D-4C2B-B31E-76FF3C29FC0D}.Debug|x86.ActiveCfg = Debug|Win32
		{784B2D22-8B0D-4C2B-B31E-76FF3C29FC0D}.Debug|x86.Build.0 = Debug|Win32
		{784B2D22-8B0D-4C2B-B31E-76FF3C29FC0D}.Release|x64.ActiveCfg = Release|x64
		{784B2D22-8B0D-4C2B-B31E-76FF3C29FC0D}.Release|x64.Build.0 = Release|x64
		{784B2D22-8B0D-4C2B-B31E-76FF3C29FC0D}.Release|x86.ActiveCfg = Release|Win32
		{784B2D22-8B0D-4C2B-B31E-76FF3C29FC0D}.Release|x86.Build.0 = Release|Win32
		{4E998051-6887-456B-A4FB-DDFAB016966B}.Debug|x64.ActiveCfg = Debug|x64
		{4E998051-6887-456B-A4FB-DDFAB016966B}.Debug|x64.Build.0 = Debug|x64
		{4E998051-6887-456B-A4FB-DDFAB016966B}.Debug|x86.ActiveCfg = Debug|Win32
		{4E998051-6887-456B-A4FB-DDFAB016966B}.Debug|x86.Build.0 = Debug|Win32
		{4E998051-6887-456B-A4FB-DDFAB016966B}.Release|x64.ActiveCfg = Release|x64
		{4E998051-6887-456B-A4FB-DDFAB016966B}.Release|x64.Build.0 = Release|x64
		{4E998051-6887-456B-A4FB-DDFAB016966B}.Release|x86.ActiveCfg = Release|Win32
		{4E998051-6887-456B-A4FB-DDFAB016966B}.Release|x86.Build.0 = Release|Win32
		{2CF39482-6F33-4870-9478-4B28C49AB5C0}.Debug|x64.ActiveCfg = Debug|x64
		{2CF39482-6F33-4870-9478-4B28C49AB5C0}.Debug|x64.Build.0 = Debug|x64
		{2CF39482-6F33-4870-9478-4B28C49AB5C0}.Debug|x86.ActiveCfg = Debug|Win32
		{2CF39482-6F33-4870-9478-4B28C49AB5C0}.Debug|x86.Build.0 = Debug|Win32
		{2CF39482-6F33-4870-9478-4B28C49AB5C0}.Release|x64.ActiveCfg = Release|x64
		{2CF39482-6F33-4870-9478-4B28C49AB5C0}.Release|x64.Build.0 = Release|x64
		{2CF39482-6F33-4870-9478-4B28C49AB5C0}.Release|x86.ActiveCfg = Release|Win32
		{2CF39482-6F33-4870-9478-4B28C49AB5C0}.Release|x86.Build.0 = Release|Win32
		{6078B5B6-6665-481A-869A-1116906A15C4}.Debug|x64.ActiveCfg = Debug|x64
		{6078B5B6-6665-481A-869A-1116906A15C4}.Debug|x64.Build.0 = Debug|x64
		{6078B5B6-6665-481A-869A-1116906A15C4}.Debug|x86.ActiveCfg = Debug|Win32
		{6078B5B6-6665-481A-869A-1116906A15C4}.Debug|x86.Build.0 = Debug|Win32
		{6078B5B6-6665-481A-869A-1116906A15C4}.Release|x64.ActiveCfg = Release|x64
		{6078B5B6-6665-481A-869A-1116906A15C4}.Release|x64.Build.0 = Release|x64
		{6078B5B6-6665-481A-869A-1116906A15C4}.Release|x86.ActiveCfg = Release|Win32
		{6078B5B6-6665-481A-869A-1116906A15C4}.Release|x86.Build.0 = Release|Win32
		{710C4508-96D7-428B-BA82-2B31615B0D60}.Debug|x64.ActiveCfg = Debug|x64
		{710C4508-96D7-428B-BA82-2B31615B0D60}.Debug|x64.Build.0 = Debug|x64
		{710C4508-96D7-428B-BA82-2B31615B0D60}.Debug|x86.ActiveCfg = Debug|Win32
		{710C4508-96D7-428B-BA82-2B31615B0D60}.Debug|x86.Build.0 = Debug|Win32
		{710C4508-96D7-428B-BA82-2B31615B0D60}.Release|x64.ActiveCfg = Release|x64
		{710C4508-96D7-428B-BA82-2B31615B0D60}.Release|x64.Build.0 = Release|x64
		{710C4508-96D7-428B-BA82-2B31615B0D60}.Release|x86.ActiveCfg = Release|Win32
		{710C4508-96D7-428B-BA82-2B31615B0D60}.Release|x86.Build.0 = Release|Win32
	EndGlobalSection
	GlobalSection(SolutionProperties) = preSolution
		HideSolutionNode = FALSE
	EndGlobalSection
	GlobalSection(ExtensibilityGlobals) = postSolution
		SolutionGuid = {C1E4306D-B45E-4FA3-B4F6-313141B30990}
	EndGlobalSection
EndGlobal
